
Microsoft Visual Studio Solution File, Format Version 11.00
# Visual Studio 2010
Project("{FAE04EC0-301F-11D3-BF4B-00C04F79EFBC}") = "IosSampleProject", "IosSampleProject\IosSampleProject.csproj", "{F20DA017-0016-417E-821B-AB689C1998AF}"
EndProject
Global
	GlobalSection(SolutionConfigurationPlatforms) = preSolution
		Debug|iPhoneSimulator = Debug|iPhoneSimulator
		Release|iPhoneSimulator = Release|iPhoneSimulator
		Debug|iPhone = Debug|iPhone
		Release|iPhone = Release|iPhone
		Ad-Hoc|iPhone = Ad-Hoc|iPhone
		AppStore|iPhone = AppStore|iPhone
	EndGlobalSection
	GlobalSection(ProjectConfigurationPlatforms) = postSolution
		{F20DA017-0016-417E-821B-AB689C1998AF}.Ad-Hoc|iPhone.ActiveCfg = Ad-Hoc|iPhone
		{F20DA017-0016-417E-821B-AB689C1998AF}.Ad-Hoc|iPhone.Build.0 = Ad-Hoc|iPhone
		{F20DA017-0016-417E-821B-AB689C1998AF}.AppStore|iPhone.ActiveCfg = AppStore|iPhone
		{F20DA017-0016-417E-821B-AB689C1998AF}.AppStore|iPhone.Build.0 = AppStore|iPhone
		{F20DA017-0016-417E-821B-AB689C1998AF}.Debug|iPhone.ActiveCfg = Debug|iPhone
		{F20DA017-0016-417E-821B-AB689C1998AF}.Debug|iPhone.Build.0 = Debug|iPhone
		{F20DA017-0016-417E-821B-AB689C1998AF}.Debug|iPhoneSimulator.ActiveCfg = Debug|iPhoneSimulator
		{F20DA017-0016-417E-821B-AB689C1998AF}.Debug|iPhoneSimulator.Build.0 = Debug|iPhoneSimulator
		{F20DA017-0016-417E-821B-AB689C1998AF}.Release|iPhone.ActiveCfg = Release|iPhone
		{F20DA017-0016-417E-821B-AB689C1998AF}.Release|iPhone.Build.0 = Release|iPhone
		{F20DA017-0016-417E-821B-AB689C1998AF}.Release|iPhoneSimulator.ActiveCfg = Release|iPhoneSimulator
		{F20DA017-0016-417E-821B-AB689C1998AF}.Release|iPhoneSimulator.Build.0 = Release|iPhoneSimulator
	EndGlobalSection
	GlobalSection(MonoDevelopProperties) = preSolution
		StartupItem = IosSampleProject.csproj
	EndGlobalSection
EndGlobal
