
Microsoft Visual Studio Solution File, Format Version 11.00
# Visual Studio 2010
Project("{FAE04EC0-301F-11D3-BF4B-00C04F79EFBC}") = "WindowsFormsSample", "WindowsFormsSample.csproj", "{DC6A4C51-CC55-4686-82D9-FF18C57C275C}"
EndProject
Global
	GlobalSection(SolutionConfigurationPlatforms) = preSolution
		Debug|x86 = Debug|x86
		Release|x86 = Release|x86
	EndGlobalSection
	GlobalSection(ProjectConfigurationPlatforms) = postSolution
		{DC6A4C51-CC55-4686-82D9-FF18C57C275C}.Debug|x86.ActiveCfg = Debug|x86
		{DC6A4C51-CC55-4686-82D9-FF18C57C275C}.Debug|x86.Build.0 = Debug|x86
		{DC6A4C51-CC55-4686-82D9-FF18C57C275C}.Release|x86.ActiveCfg = Release|x86
		{DC6A4C51-CC55-4686-82D9-FF18C57C275C}.Release|x86.Build.0 = Release|x86
	EndGlobalSection
	GlobalSection(SolutionProperties) = preSolution
		HideSolutionNode = FALSE
	EndGlobalSection
EndGlobal
