
Microsoft Visual Studio Solution File, Format Version 12.00
# Visual Studio 2012
Project("{FAE04EC0-301F-11D3-BF4B-00C04F79EFBC}") = "WindowsPhoneAppSample", "WindowsPhoneAppSample.csproj", "{26D79383-28A6-4ABD-A27C-709AC3C60EFB}"
EndProject
Global
	GlobalSection(SolutionConfigurationPlatforms) = preSolution
		Debug|Any CPU = Debug|Any CPU
		Debug|ARM = Debug|ARM
		Debug|x86 = Debug|x86
		Release|Any CPU = Release|Any CPU
		Release|ARM = Release|ARM
		Release|x86 = Release|x86
	EndGlobalSection
	GlobalSection(ProjectConfigurationPlatforms) = postSolution
		{26D79383-28A6-4ABD-A27C-709AC3C60EFB}.Debug|Any CPU.ActiveCfg = Debug|Any CPU
		{26D79383-28A6-4ABD-A27C-709AC3C60EFB}.Debug|Any CPU.Build.0 = Debug|Any CPU
		{26D79383-28A6-4ABD-A27C-709AC3C60EFB}.Debug|Any CPU.Deploy.0 = Debug|Any CPU
		{26D79383-28A6-4ABD-A27C-709AC3C60EFB}.Debug|ARM.ActiveCfg = Debug|ARM
		{26D79383-28A6-4ABD-A27C-709AC3C60EFB}.Debug|ARM.Build.0 = Debug|ARM
		{26D79383-28A6-4ABD-A27C-709AC3C60EFB}.Debug|ARM.Deploy.0 = Debug|ARM
		{26D79383-28A6-4ABD-A27C-709AC3C60EFB}.Debug|x86.ActiveCfg = Debug|x86
		{26D79383-28A6-4ABD-A27C-709AC3C60EFB}.Debug|x86.Build.0 = Debug|x86
		{26D79383-28A6-4ABD-A27C-709AC3C60EFB}.Debug|x86.Deploy.0 = Debug|x86
		{26D79383-28A6-4ABD-A27C-709AC3C60EFB}.Release|Any CPU.ActiveCfg = Release|Any CPU
		{26D79383-28A6-4ABD-A27C-709AC3C60EFB}.Release|Any CPU.Build.0 = Release|Any CPU
		{26D79383-28A6-4ABD-A27C-709AC3C60EFB}.Release|Any CPU.Deploy.0 = Release|Any CPU
		{26D79383-28A6-4ABD-A27C-709AC3C60EFB}.Release|ARM.ActiveCfg = Release|ARM
		{26D79383-28A6-4ABD-A27C-709AC3C60EFB}.Release|ARM.Build.0 = Release|ARM
		{26D79383-28A6-4ABD-A27C-709AC3C60EFB}.Release|ARM.Deploy.0 = Release|ARM
		{26D79383-28A6-4ABD-A27C-709AC3C60EFB}.Release|x86.ActiveCfg = Release|x86
		{26D79383-28A6-4ABD-A27C-709AC3C60EFB}.Release|x86.Build.0 = Release|x86
		{26D79383-28A6-4ABD-A27C-709AC3C60EFB}.Release|x86.Deploy.0 = Release|x86
	EndGlobalSection
	GlobalSection(SolutionProperties) = preSolution
		HideSolutionNode = FALSE
	EndGlobalSection
EndGlobal
